
Microsoft Visual Studio Solution File, Format Version 12.00
# Visual Studio Version 17
VisualStudioVersion = 17.4.33403.182
MinimumVisualStudioVersion = 10.0.40219.1
Project("{FAE04EC0-301F-11D3-BF4B-00C04F79EFBC}") = "WpfCustomComponents", "WpfCustomComponents\WpfCustomComponents.csproj", "{F677159E-405A-40A1-AD56-0C5F308CA792}"
EndProject
Global
	GlobalSection(SolutionConfigurationPlatforms) = preSolution
		Debug|Any CPU = Debug|Any CPU
		Release|Any CPU = Release|Any CPU
	EndGlobalSection
	GlobalSection(ProjectConfigurationPlatforms) = postSolution
		{F677159E-405A-40A1-AD56-0C5F308CA792}.Debug|Any CPU.ActiveCfg = Debug|Any CPU
		{F677159E-405A-40A1-AD56-0C5F308CA792}.Debug|Any CPU.Build.0 = Debug|Any CPU
		{F677159E-405A-40A1-AD56-0C5F308CA792}.Release|Any CPU.ActiveCfg = Release|Any CPU
		{F677159E-405A-40A1-AD56-0C5F308CA792}.Release|Any CPU.Build.0 = Release|Any CPU
	EndGlobalSection
	GlobalSection(SolutionProperties) = preSolution
		HideSolutionNode = FALSE
	EndGlobalSection
	GlobalSection(ExtensibilityGlobals) = postSolution
		SolutionGuid = {3E30095E-921D-48F1-AF9D-7E84AD3BF0A4}
	EndGlobalSection
EndGlobal
